
Microsoft Visual Studio Solution File, Format Version 11.00
# Visual Studio 2010
Project("{FAE04EC0-301F-11D3-BF4B-00C04F79EFBC}") = "Assembly-CSharp", "Assembly-CSharp.csproj", "{DD6FCE4D-53DE-6CB7-1E2E-5027F8CA0869}"
EndProject
Project("{FAE04EC0-301F-11D3-BF4B-00C04F79EFBC}") = "Assembly-CSharp-Editor", "Assembly-CSharp-Editor.csproj", "{5B30BEB0-B074-10E3-4D89-D579C08D568C}"
EndProject
Global
	GlobalSection(SolutionConfigurationPlatforms) = preSolution
		Debug|Any CPU = Debug|Any CPU
		Release|Any CPU = Release|Any CPU
	EndGlobalSection
	GlobalSection(ProjectConfigurationPlatforms) = postSolution
		{DD6FCE4D-53DE-6CB7-1E2E-5027F8CA0869}.Debug|Any CPU.ActiveCfg = Debug|Any CPU
		{DD6FCE4D-53DE-6CB7-1E2E-5027F8CA0869}.Debug|Any CPU.Build.0 = Debug|Any CPU
		{DD6FCE4D-53DE-6CB7-1E2E-5027F8CA0869}.Release|Any CPU.ActiveCfg = Release|Any CPU
		{DD6FCE4D-53DE-6CB7-1E2E-5027F8CA0869}.Release|Any CPU.Build.0 = Release|Any CPU
		{5B30BEB0-B074-10E3-4D89-D579C08D568C}.Debug|Any CPU.ActiveCfg = Debug|Any CPU
		{5B30BEB0-B074-10E3-4D89-D579C08D568C}.Debug|Any CPU.Build.0 = Debug|Any CPU
		{5B30BEB0-B074-10E3-4D89-D579C08D568C}.Release|Any CPU.ActiveCfg = Release|Any CPU
		{5B30BEB0-B074-10E3-4D89-D579C08D568C}.Release|Any CPU.Build.0 = Release|Any CPU
	EndGlobalSection
	GlobalSection(SolutionProperties) = preSolution
		HideSolutionNode = FALSE
	EndGlobalSection
	GlobalSection(MonoDevelopProperties) = preSolution
		StartupItem = Assembly-CSharp.csproj
	EndGlobalSection
EndGlobal
