
Microsoft Visual Studio Solution File, Format Version 11.00
# Visual Studio 2010
Project("{FAE04EC0-301F-11D3-BF4B-00C04F79EFBC}") = "Assembly-CSharp-firstpass", "Assembly-CSharp-firstpass.csproj", "{BFC770FE-4B82-A300-EAC9-B42B2F7DB574}"
EndProject
Project("{FAE04EC0-301F-11D3-BF4B-00C04F79EFBC}") = "Assembly-CSharp", "Assembly-CSharp.csproj", "{B396BBD8-887E-4EC1-D0CA-57CDEE02A49D}"
EndProject
Project("{FAE04EC0-301F-11D3-BF4B-00C04F79EFBC}") = "Assembly-CSharp-Editor", "Assembly-CSharp-Editor.csproj", "{1E745341-C136-99EA-547B-EEE106A5135A}"
EndProject
Global
	GlobalSection(SolutionConfigurationPlatforms) = preSolution
		Debug|Any CPU = Debug|Any CPU
		Release|Any CPU = Release|Any CPU
	EndGlobalSection
	GlobalSection(ProjectConfigurationPlatforms) = postSolution
		{BFC770FE-4B82-A300-EAC9-B42B2F7DB574}.Debug|Any CPU.ActiveCfg = Debug|Any CPU
		{BFC770FE-4B82-A300-EAC9-B42B2F7DB574}.Debug|Any CPU.Build.0 = Debug|Any CPU
		{BFC770FE-4B82-A300-EAC9-B42B2F7DB574}.Release|Any CPU.ActiveCfg = Release|Any CPU
		{BFC770FE-4B82-A300-EAC9-B42B2F7DB574}.Release|Any CPU.Build.0 = Release|Any CPU
		{B396BBD8-887E-4EC1-D0CA-57CDEE02A49D}.Debug|Any CPU.ActiveCfg = Debug|Any CPU
		{B396BBD8-887E-4EC1-D0CA-57CDEE02A49D}.Debug|Any CPU.Build.0 = Debug|Any CPU
		{B396BBD8-887E-4EC1-D0CA-57CDEE02A49D}.Release|Any CPU.ActiveCfg = Release|Any CPU
		{B396BBD8-887E-4EC1-D0CA-57CDEE02A49D}.Release|Any CPU.Build.0 = Release|Any CPU
		{1E745341-C136-99EA-547B-EEE106A5135A}.Debug|Any CPU.ActiveCfg = Debug|Any CPU
		{1E745341-C136-99EA-547B-EEE106A5135A}.Debug|Any CPU.Build.0 = Debug|Any CPU
		{1E745341-C136-99EA-547B-EEE106A5135A}.Release|Any CPU.ActiveCfg = Release|Any CPU
		{1E745341-C136-99EA-547B-EEE106A5135A}.Release|Any CPU.Build.0 = Release|Any CPU
	EndGlobalSection
	GlobalSection(SolutionProperties) = preSolution
		HideSolutionNode = FALSE
	EndGlobalSection
	GlobalSection(MonoDevelopProperties) = preSolution
		StartupItem = Assembly-CSharp.csproj
	EndGlobalSection
EndGlobal
